// !$*UTF8*$!
{
	archiveVersion = 1;
	classes = {
	};
	objectVersion = 46;
	objects = {

/* Begin PBXBuildFile section */
		8B568E291951AA2B00D5EC48 /* Foundation.framework in Frameworks */ = {isa = PBXBuildFile; fileRef = 8B568E281951AA2B00D5EC48 /* Foundation.framework */; };
		8B568E2B1951AA2B00D5EC48 /* CoreGraphics.framework in Frameworks */ = {isa = PBXBuildFile; fileRef = 8B568E2A1951AA2B00D5EC48 /* CoreGraphics.framework */; };
		8B568E2D1951AA2B00D5EC48 /* UIKit.framework in Frameworks */ = {isa = PBXBuildFile; fileRef = 8B568E2C1951AA2B00D5EC48 /* UIKit.framework */; };
		8B568E331951AA2B00D5EC48 /* InfoPlist.strings in Resources */ = {isa = PBXBuildFile; fileRef = 8B568E311951AA2B00D5EC48 /* InfoPlist.strings */; };
		8B568E351951AA2B00D5EC48 /* main.m in Sources */ = {isa = PBXBuildFile; fileRef = 8B568E341951AA2B00D5EC48 /* main.m */; };
		8B568E391951AA2B00D5EC48 /* LMAppDelegate.m in Sources */ = {isa = PBXBuildFile; fileRef = 8B568E381951AA2B00D5EC48 /* LMAppDelegate.m */; };
		8B568E3C1951AA2B00D5EC48 /* Main_iPhone.storyboard in Resources */ = {isa = PBXBuildFile; fileRef = 8B568E3A1951AA2B00D5EC48 /* Main_iPhone.storyboard */; };
		8B568E3F1951AA2B00D5EC48 /* Main_iPad.storyboard in Resources */ = {isa = PBXBuildFile; fileRef = 8B568E3D1951AA2B00D5EC48 /* Main_iPad.storyboard */; };
		8B568E421951AA2B00D5EC48 /* LMViewController.m in Sources */ = {isa = PBXBuildFile; fileRef = 8B568E411951AA2B00D5EC48 /* LMViewController.m */; };
		8B568E441951AA2B00D5EC48 /* Images.xcassets in Resources */ = {isa = PBXBuildFile; fileRef = 8B568E431951AA2B00D5EC48 /* Images.xcassets */; };
		8B568E4B1951AA2B00D5EC48 /* XCTest.framework in Frameworks */ = {isa = PBXBuildFile; fileRef = 8B568E4A1951AA2B00D5EC48 /* XCTest.framework */; };
		8B568E4C1951AA2B00D5EC48 /* Foundation.framework in Frameworks */ = {isa = PBXBuildFile; fileRef = 8B568E281951AA2B00D5EC48 /* Foundation.framework */; };
		8B568E4D1951AA2B00D5EC48 /* UIKit.framework in Frameworks */ = {isa = PBXBuildFile; fileRef = 8B568E2C1951AA2B00D5EC48 /* UIKit.framework */; };
		8B568E551951AA2B00D5EC48 /* InfoPlist.strings in Resources */ = {isa = PBXBuildFile; fileRef = 8B568E531951AA2B00D5EC48 /* InfoPlist.strings */; };
		8B568E571951AA2B00D5EC48 /* LocationManagerTests.m in Sources */ = {isa = PBXBuildFile; fileRef = 8B568E561951AA2B00D5EC48 /* LocationManagerTests.m */; };
		8B568E611951AA3800D5EC48 /* CoreLocation.framework in Frameworks */ = {isa = PBXBuildFile; fileRef = 8B568E601951AA3800D5EC48 /* CoreLocation.framework */; };
		8B568E631951C4F900D5EC48 /* CoreMotion.framework in Frameworks */ = {isa = PBXBuildFile; fileRef = 8B568E621951C4F900D5EC48 /* CoreMotion.framework */; };
		8B9D5468199B7FC400851D63 /* Session.m in Sources */ = {isa = PBXBuildFile; fileRef = 8B9D5467199B7FC400851D63 /* Session.m */; };
		8BA6B397197407E5000A8133 /* Model.xcdatamodeld in Sources */ = {isa = PBXBuildFile; fileRef = 8BA6B395197407E5000A8133 /* Model.xcdatamodeld */; };
		8BA6B39D19740C94000A8133 /* LogPoint.m in Sources */ = {isa = PBXBuildFile; fileRef = 8BA6B39C19740C94000A8133 /* LogPoint.m */; };
		8BA783BE195C069100C805D6 /* GoogleMaps.framework in Frameworks */ = {isa = PBXBuildFile; fileRef = 8BA783BD195C069100C805D6 /* GoogleMaps.framework */; };
		8BA78424195C14DF00C805D6 /* GoogleMaps.bundle in Resources */ = {isa = PBXBuildFile; fileRef = 8BA78423195C14DF00C805D6 /* GoogleMaps.bundle */; };
		8BA78426195C154C00C805D6 /* AVFoundation.framework in Frameworks */ = {isa = PBXBuildFile; fileRef = 8BA78425195C154C00C805D6 /* AVFoundation.framework */; };
		8BA78428195C155200C805D6 /* CoreData.framework in Frameworks */ = {isa = PBXBuildFile; fileRef = 8BA78427195C155200C805D6 /* CoreData.framework */; };
		8BA7842A195C155900C805D6 /* CoreText.framework in Frameworks */ = {isa = PBXBuildFile; fileRef = 8BA78429195C155900C805D6 /* CoreText.framework */; };
		8BA7842C195C155F00C805D6 /* GLKit.framework in Frameworks */ = {isa = PBXBuildFile; fileRef = 8BA7842B195C155F00C805D6 /* GLKit.framework */; };
		8BA7842E195C156300C805D6 /* ImageIO.framework in Frameworks */ = {isa = PBXBuildFile; fileRef = 8BA7842D195C156300C805D6 /* ImageIO.framework */; };
		8BA78430195C156D00C805D6 /* libc++.dylib in Frameworks */ = {isa = PBXBuildFile; fileRef = 8BA7842F195C156D00C805D6 /* libc++.dylib */; };
		8BA78432195C157500C805D6 /* libicucore.dylib in Frameworks */ = {isa = PBXBuildFile; fileRef = 8BA78431195C157500C805D6 /* libicucore.dylib */; };
		8BA78434195C157B00C805D6 /* libz.dylib in Frameworks */ = {isa = PBXBuildFile; fileRef = 8BA78433195C157B00C805D6 /* libz.dylib */; };
		8BA78436195C158200C805D6 /* OpenGLES.framework in Frameworks */ = {isa = PBXBuildFile; fileRef = 8BA78435195C158200C805D6 /* OpenGLES.framework */; };
		8BA78438195C158700C805D6 /* QuartzCore.framework in Frameworks */ = {isa = PBXBuildFile; fileRef = 8BA78437195C158700C805D6 /* QuartzCore.framework */; };
		8BA7843A195C158C00C805D6 /* SystemConfiguration.framework in Frameworks */ = {isa = PBXBuildFile; fileRef = 8BA78439195C158C00C805D6 /* SystemConfiguration.framework */; };
		8BA7843D195C19C500C805D6 /* LMMapViewController.m in Sources */ = {isa = PBXBuildFile; fileRef = 8BA7843C195C19C500C805D6 /* LMMapViewController.m */; };
		8BD8A9DF195B04DC00A87EB6 /* LMSportTracker.m in Sources */ = {isa = PBXBuildFile; fileRef = 8BD8A9DE195B04DC00A87EB6 /* LMSportTracker.m */; };
/* End PBXBuildFile section */

/* Begin PBXContainerItemProxy section */
		8B568E4E1951AA2B00D5EC48 /* PBXContainerItemProxy */ = {
			isa = PBXContainerItemProxy;
			containerPortal = 8B568E1D1951AA2B00D5EC48 /* Project object */;
			proxyType = 1;
			remoteGlobalIDString = 8B568E241951AA2B00D5EC48;
			remoteInfo = LocationManager;
		};
/* End PBXContainerItemProxy section */

/* Begin PBXFileReference section */
		8B568E251951AA2B00D5EC48 /* LocationManager.app */ = {isa = PBXFileReference; explicitFileType = wrapper.application; includeInIndex = 0; path = LocationManager.app; sourceTree = BUILT_PRODUCTS_DIR; };
		8B568E281951AA2B00D5EC48 /* Foundation.framework */ = {isa = PBXFileReference; lastKnownFileType = wrapper.framework; name = Foundation.framework; path = System/Library/Frameworks/Foundation.framework; sourceTree = SDKROOT; };
		8B568E2A1951AA2B00D5EC48 /* CoreGraphics.framework */ = {isa = PBXFileReference; lastKnownFileType = wrapper.framework; name = CoreGraphics.framework; path = System/Library/Frameworks/CoreGraphics.framework; sourceTree = SDKROOT; };
		8B568E2C1951AA2B00D5EC48 /* UIKit.framework */ = {isa = PBXFileReference; lastKnownFileType = wrapper.framework; name = UIKit.framework; path = System/Library/Frameworks/UIKit.framework; sourceTree = SDKROOT; };
		8B568E301951AA2B00D5EC48 /* LocationManager-Info.plist */ = {isa = PBXFileReference; lastKnownFileType = text.plist.xml; path = "LocationManager-Info.plist"; sourceTree = "<group>"; };
		8B568E321951AA2B00D5EC48 /* en */ = {isa = PBXFileReference; lastKnownFileType = text.plist.strings; name = en; path = en.lproj/InfoPlist.strings; sourceTree = "<group>"; };
		8B568E341951AA2B00D5EC48 /* main.m */ = {isa = PBXFileReference; lastKnownFileType = sourcecode.c.objc; path = main.m; sourceTree = "<group>"; };
		8B568E361951AA2B00D5EC48 /* LocationManager-Prefix.pch */ = {isa = PBXFileReference; lastKnownFileType = sourcecode.c.h; path = "LocationManager-Prefix.pch"; sourceTree = "<group>"; };
		8B568E371951AA2B00D5EC48 /* LMAppDelegate.h */ = {isa = PBXFileReference; lastKnownFileType = sourcecode.c.h; path = LMAppDelegate.h; sourceTree = "<group>"; };
		8B568E381951AA2B00D5EC48 /* LMAppDelegate.m */ = {isa = PBXFileReference; lastKnownFileType = sourcecode.c.objc; path = LMAppDelegate.m; sourceTree = "<group>"; };
		8B568E3B1951AA2B00D5EC48 /* Base */ = {isa = PBXFileReference; lastKnownFileType = file.storyboard; name = Base; path = Base.lproj/Main_iPhone.storyboard; sourceTree = "<group>"; };
		8B568E3E1951AA2B00D5EC48 /* Base */ = {isa = PBXFileReference; lastKnownFileType = file.storyboard; name = Base; path = Base.lproj/Main_iPad.storyboard; sourceTree = "<group>"; };
		8B568E401951AA2B00D5EC48 /* LMViewController.h */ = {isa = PBXFileReference; lastKnownFileType = sourcecode.c.h; path = LMViewController.h; sourceTree = "<group>"; };
		8B568E411951AA2B00D5EC48 /* LMViewController.m */ = {isa = PBXFileReference; lastKnownFileType = sourcecode.c.objc; path = LMViewController.m; sourceTree = "<group>"; };
		8B568E431951AA2B00D5EC48 /* Images.xcassets */ = {isa = PBXFileReference; lastKnownFileType = folder.assetcatalog; path = Images.xcassets; sourceTree = "<group>"; };
		8B568E491951AA2B00D5EC48 /* LocationManagerTests.xctest */ = {isa = PBXFileReference; explicitFileType = wrapper.cfbundle; includeInIndex = 0; path = LocationManagerTests.xctest; sourceTree = BUILT_PRODUCTS_DIR; };
		8B568E4A1951AA2B00D5EC48 /* XCTest.framework */ = {isa = PBXFileReference; lastKnownFileType = wrapper.framework; name = XCTest.framework; path = Library/Frameworks/XCTest.framework; sourceTree = DEVELOPER_DIR; };
		8B568E521951AA2B00D5EC48 /* LocationManagerTests-Info.plist */ = {isa = PBXFileReference; lastKnownFileType = text.plist.xml; path = "LocationManagerTests-Info.plist"; sourceTree = "<group>"; };
		8B568E541951AA2B00D5EC48 /* en */ = {isa = PBXFileReference; lastKnownFileType = text.plist.strings; name = en; path = en.lproj/InfoPlist.strings; sourceTree = "<group>"; };
		8B568E561951AA2B00D5EC48 /* LocationManagerTests.m */ = {isa = PBXFileReference; lastKnownFileType = sourcecode.c.objc; path = LocationManagerTests.m; sourceTree = "<group>"; };
		8B568E601951AA3800D5EC48 /* CoreLocation.framework */ = {isa = PBXFileReference; lastKnownFileType = wrapper.framework; name = CoreLocation.framework; path = System/Library/Frameworks/CoreLocation.framework; sourceTree = SDKROOT; };
		8B568E621951C4F900D5EC48 /* CoreMotion.framework */ = {isa = PBXFileReference; lastKnownFileType = wrapper.framework; name = CoreMotion.framework; path = System/Library/Frameworks/CoreMotion.framework; sourceTree = SDKROOT; };
		8B9D5466199B7FC400851D63 /* Session.h */ = {isa = PBXFileReference; fileEncoding = 4; lastKnownFileType = sourcecode.c.h; path = Session.h; sourceTree = "<group>"; };
		8B9D5467199B7FC400851D63 /* Session.m */ = {isa = PBXFileReference; fileEncoding = 4; lastKnownFileType = sourcecode.c.objc; path = Session.m; sourceTree = "<group>"; };
		8BA6B396197407E5000A8133 /* Model.xcdatamodel */ = {isa = PBXFileReference; lastKnownFileType = wrapper.xcdatamodel; path = Model.xcdatamodel; sourceTree = "<group>"; };
		8BA6B39B19740C94000A8133 /* LogPoint.h */ = {isa = PBXFileReference; fileEncoding = 4; lastKnownFileType = sourcecode.c.h; path = LogPoint.h; sourceTree = "<group>"; };
		8BA6B39C19740C94000A8133 /* LogPoint.m */ = {isa = PBXFileReference; fileEncoding = 4; lastKnownFileType = sourcecode.c.objc; path = LogPoint.m; sourceTree = "<group>"; };
		8BA783BD195C069100C805D6 /* GoogleMaps.framework */ = {isa = PBXFileReference; lastKnownFileType = wrapper.framework; name = GoogleMaps.framework; path = Frameworks/GoogleMaps.framework; sourceTree = "<group>"; };
		8BA78423195C14DF00C805D6 /* GoogleMaps.bundle */ = {isa = PBXFileReference; lastKnownFileType = "wrapper.plug-in"; name = GoogleMaps.bundle; path = Frameworks/GoogleMaps.framework/Versions/A/Resources/GoogleMaps.bundle; sourceTree = "<group>"; };
		8BA78425195C154C00C805D6 /* AVFoundation.framework */ = {isa = PBXFileReference; lastKnownFileType = wrapper.framework; name = AVFoundation.framework; path = System/Library/Frameworks/AVFoundation.framework; sourceTree = SDKROOT; };
		8BA78427195C155200C805D6 /* CoreData.framework */ = {isa = PBXFileReference; lastKnownFileType = wrapper.framework; name = CoreData.framework; path = System/Library/Frameworks/CoreData.framework; sourceTree = SDKROOT; };
		8BA78429195C155900C805D6 /* CoreText.framework */ = {isa = PBXFileReference; lastKnownFileType = wrapper.framework; name = CoreText.framework; path = System/Library/Frameworks/CoreText.framework; sourceTree = SDKROOT; };
		8BA7842B195C155F00C805D6 /* GLKit.framework */ = {isa = PBXFileReference; lastKnownFileType = wrapper.framework; name = GLKit.framework; path = System/Library/Frameworks/GLKit.framework; sourceTree = SDKROOT; };
		8BA7842D195C156300C805D6 /* ImageIO.framework */ = {isa = PBXFileReference; lastKnownFileType = wrapper.framework; name = ImageIO.framework; path = System/Library/Frameworks/ImageIO.framework; sourceTree = SDKROOT; };
		8BA7842F195C156D00C805D6 /* libc++.dylib */ = {isa = PBXFileReference; lastKnownFileType = "compiled.mach-o.dylib"; name = "libc++.dylib"; path = "usr/lib/libc++.dylib"; sourceTree = SDKROOT; };
		8BA78431195C157500C805D6 /* libicucore.dylib */ = {isa = PBXFileReference; lastKnownFileType = "compiled.mach-o.dylib"; name = libicucore.dylib; path = usr/lib/libicucore.dylib; sourceTree = SDKROOT; };
		8BA78433195C157B00C805D6 /* libz.dylib */ = {isa = PBXFileReference; lastKnownFileType = "compiled.mach-o.dylib"; name = libz.dylib; path = usr/lib/libz.dylib; sourceTree = SDKROOT; };
		8BA78435195C158200C805D6 /* OpenGLES.framework */ = {isa = PBXFileReference; lastKnownFileType = wrapper.framework; name = OpenGLES.framework; path = System/Library/Frameworks/OpenGLES.framework; sourceTree = SDKROOT; };
		8BA78437195C158700C805D6 /* QuartzCore.framework */ = {isa = PBXFileReference; lastKnownFileType = wrapper.framework; name = QuartzCore.framework; path = System/Library/Frameworks/QuartzCore.framework; sourceTree = SDKROOT; };
		8BA78439195C158C00C805D6 /* SystemConfiguration.framework */ = {isa = PBXFileReference; lastKnownFileType = wrapper.framework; name = SystemConfiguration.framework; path = System/Library/Frameworks/SystemConfiguration.framework; sourceTree = SDKROOT; };
		8BA7843B195C19C500C805D6 /* LMMapViewController.h */ = {isa = PBXFileReference; fileEncoding = 4; lastKnownFileType = sourcecode.c.h; path = LMMapViewController.h; sourceTree = "<group>"; };
		8BA7843C195C19C500C805D6 /* LMMapViewController.m */ = {isa = PBXFileReference; fileEncoding = 4; lastKnownFileType = sourcecode.c.objc; path = LMMapViewController.m; sourceTree = "<group>"; };
		8BD8A9DD195B04DC00A87EB6 /* LMSportTracker.h */ = {isa = PBXFileReference; fileEncoding = 4; lastKnownFileType = sourcecode.c.h; path = LMSportTracker.h; sourceTree = "<group>"; };
		8BD8A9DE195B04DC00A87EB6 /* LMSportTracker.m */ = {isa = PBXFileReference; fileEncoding = 4; lastKnownFileType = sourcecode.c.objc; path = LMSportTracker.m; sourceTree = "<group>"; };
/* End PBXFileReference section */

/* Begin PBXFrameworksBuildPhase section */
		8B568E221951AA2B00D5EC48 /* Frameworks */ = {
			isa = PBXFrameworksBuildPhase;
			buildActionMask = 2147483647;
			files = (
				8BA78426195C154C00C805D6 /* AVFoundation.framework in Frameworks */,
				8BA7843A195C158C00C805D6 /* SystemConfiguration.framework in Frameworks */,
				8BA78438195C158700C805D6 /* QuartzCore.framework in Frameworks */,
				8BA78436195C158200C805D6 /* OpenGLES.framework in Frameworks */,
				8BA78434195C157B00C805D6 /* libz.dylib in Frameworks */,
				8BA78432195C157500C805D6 /* libicucore.dylib in Frameworks */,
				8BA78430195C156D00C805D6 /* libc++.dylib in Frameworks */,
				8BA7842E195C156300C805D6 /* ImageIO.framework in Frameworks */,
				8BA7842C195C155F00C805D6 /* GLKit.framework in Frameworks */,
				8BA7842A195C155900C805D6 /* CoreText.framework in Frameworks */,
				8BA78428195C155200C805D6 /* CoreData.framework in Frameworks */,
				8BA783BE195C069100C805D6 /* GoogleMaps.framework in Frameworks */,
				8B568E631951C4F900D5EC48 /* CoreMotion.framework in Frameworks */,
				8B568E611951AA3800D5EC48 /* CoreLocation.framework in Frameworks */,
				8B568E2B1951AA2B00D5EC48 /* CoreGraphics.framework in Frameworks */,
				8B568E2D1951AA2B00D5EC48 /* UIKit.framework in Frameworks */,
				8B568E291951AA2B00D5EC48 /* Foundation.framework in Frameworks */,
			);
			runOnlyForDeploymentPostprocessing = 0;
		};
		8B568E461951AA2B00D5EC48 /* Frameworks */ = {
			isa = PBXFrameworksBuildPhase;
			buildActionMask = 2147483647;
			files = (
				8B568E4B1951AA2B00D5EC48 /* XCTest.framework in Frameworks */,
				8B568E4D1951AA2B00D5EC48 /* UIKit.framework in Frameworks */,
				8B568E4C1951AA2B00D5EC48 /* Foundation.framework in Frameworks */,
			);
			runOnlyForDeploymentPostprocessing = 0;
		};
/* End PBXFrameworksBuildPhase section */

/* Begin PBXGroup section */
		8B568E1C1951AA2B00D5EC48 = {
			isa = PBXGroup;
			children = (
				8B568E2E1951AA2B00D5EC48 /* LocationManager */,
				8B568E501951AA2B00D5EC48 /* LocationManagerTests */,
				8B568E271951AA2B00D5EC48 /* Frameworks */,
				8B568E261951AA2B00D5EC48 /* Products */,
			);
			sourceTree = "<group>";
		};
		8B568E261951AA2B00D5EC48 /* Products */ = {
			isa = PBXGroup;
			children = (
				8B568E251951AA2B00D5EC48 /* LocationManager.app */,
				8B568E491951AA2B00D5EC48 /* LocationManagerTests.xctest */,
			);
			name = Products;
			sourceTree = "<group>";
		};
		8B568E271951AA2B00D5EC48 /* Frameworks */ = {
			isa = PBXGroup;
			children = (
				8BA78439195C158C00C805D6 /* SystemConfiguration.framework */,
				8BA78437195C158700C805D6 /* QuartzCore.framework */,
				8BA78435195C158200C805D6 /* OpenGLES.framework */,
				8BA78433195C157B00C805D6 /* libz.dylib */,
				8BA78431195C157500C805D6 /* libicucore.dylib */,
				8BA7842F195C156D00C805D6 /* libc++.dylib */,
				8BA7842D195C156300C805D6 /* ImageIO.framework */,
				8BA7842B195C155F00C805D6 /* GLKit.framework */,
				8BA78429195C155900C805D6 /* CoreText.framework */,
				8BA78427195C155200C805D6 /* CoreData.framework */,
				8BA78425195C154C00C805D6 /* AVFoundation.framework */,
				8BA78423195C14DF00C805D6 /* GoogleMaps.bundle */,
				8BA783BD195C069100C805D6 /* GoogleMaps.framework */,
				8B568E621951C4F900D5EC48 /* CoreMotion.framework */,
				8B568E601951AA3800D5EC48 /* CoreLocation.framework */,
				8B568E281951AA2B00D5EC48 /* Foundation.framework */,
				8B568E2A1951AA2B00D5EC48 /* CoreGraphics.framework */,
				8B568E2C1951AA2B00D5EC48 /* UIKit.framework */,
				8B568E4A1951AA2B00D5EC48 /* XCTest.framework */,
			);
			name = Frameworks;
			sourceTree = "<group>";
		};
		8B568E2E1951AA2B00D5EC48 /* LocationManager */ = {
			isa = PBXGroup;
			children = (
				8B9FD5B71993735F00505E3D /* iPad */,
				8B568E371951AA2B00D5EC48 /* LMAppDelegate.h */,
				8B568E381951AA2B00D5EC48 /* LMAppDelegate.m */,
				8B568E3A1951AA2B00D5EC48 /* Main_iPhone.storyboard */,
				8B568E3D1951AA2B00D5EC48 /* Main_iPad.storyboard */,
				8B568E401951AA2B00D5EC48 /* LMViewController.h */,
				8B568E411951AA2B00D5EC48 /* LMViewController.m */,
				8BD8A9DD195B04DC00A87EB6 /* LMSportTracker.h */,
				8BD8A9DE195B04DC00A87EB6 /* LMSportTracker.m */,
				8BA7843B195C19C500C805D6 /* LMMapViewController.h */,
				8BA7843C195C19C500C805D6 /* LMMapViewController.m */,
				8BA6B39B19740C94000A8133 /* LogPoint.h */,
				8BA6B39C19740C94000A8133 /* LogPoint.m */,
				8B9D5466199B7FC400851D63 /* Session.h */,
				8B9D5467199B7FC400851D63 /* Session.m */,
				8BA6B395197407E5000A8133 /* Model.xcdatamodeld */,
				8B568E431951AA2B00D5EC48 /* Images.xcassets */,
				8B568E2F1951AA2B00D5EC48 /* Supporting Files */,
			);
			path = LocationManager;
			sourceTree = "<group>";
		};
		8B568E2F1951AA2B00D5EC48 /* Supporting Files */ = {
			isa = PBXGroup;
			children = (
				8B568E301951AA2B00D5EC48 /* LocationManager-Info.plist */,
				8B568E311951AA2B00D5EC48 /* InfoPlist.strings */,
				8B568E341951AA2B00D5EC48 /* main.m */,
				8B568E361951AA2B00D5EC48 /* LocationManager-Prefix.pch */,
			);
			name = "Supporting Files";
			sourceTree = "<group>";
		};
		8B568E501951AA2B00D5EC48 /* LocationManagerTests */ = {
			isa = PBXGroup;
			children = (
				8B568E561951AA2B00D5EC48 /* LocationManagerTests.m */,
				8B568E511951AA2B00D5EC48 /* Supporting Files */,
			);
			path = LocationManagerTests;
			sourceTree = "<group>";
		};
		8B568E511951AA2B00D5EC48 /* Supporting Files */ = {
			isa = PBXGroup;
			children = (
				8B568E521951AA2B00D5EC48 /* LocationManagerTests-Info.plist */,
				8B568E531951AA2B00D5EC48 /* InfoPlist.strings */,
			);
			name = "Supporting Files";
			sourceTree = "<group>";
		};
		8B9FD5B71993735F00505E3D /* iPad */ = {
			isa = PBXGroup;
			children = (
			);
			name = iPad;
			sourceTree = "<group>";
		};
/* End PBXGroup section */

/* Begin PBXNativeTarget section */
		8B568E241951AA2B00D5EC48 /* LocationManager */ = {
			isa = PBXNativeTarget;
			buildConfigurationList = 8B568E5A1951AA2B00D5EC48 /* Build configuration list for PBXNativeTarget "LocationManager" */;
			buildPhases = (
				8B568E211951AA2B00D5EC48 /* Sources */,
				8B568E221951AA2B00D5EC48 /* Frameworks */,
				8B568E231951AA2B00D5EC48 /* Resources */,
			);
			buildRules = (
			);
			dependencies = (
			);
			name = LocationManager;
			productName = LocationManager;
			productReference = 8B568E251951AA2B00D5EC48 /* LocationManager.app */;
			productType = "com.apple.product-type.application";
		};
		8B568E481951AA2B00D5EC48 /* LocationManagerTests */ = {
			isa = PBXNativeTarget;
			buildConfigurationList = 8B568E5D1951AA2B00D5EC48 /* Build configuration list for PBXNativeTarget "LocationManagerTests" */;
			buildPhases = (
				8B568E451951AA2B00D5EC48 /* Sources */,
				8B568E461951AA2B00D5EC48 /* Frameworks */,
				8B568E471951AA2B00D5EC48 /* Resources */,
			);
			buildRules = (
			);
			dependencies = (
				8B568E4F1951AA2B00D5EC48 /* PBXTargetDependency */,
			);
			name = LocationManagerTests;
			productName = LocationManagerTests;
			productReference = 8B568E491951AA2B00D5EC48 /* LocationManagerTests.xctest */;
			productType = "com.apple.product-type.bundle.unit-test";
		};
/* End PBXNativeTarget section */

/* Begin PBXProject section */
		8B568E1D1951AA2B00D5EC48 /* Project object */ = {
			isa = PBXProject;
			attributes = {
				CLASSPREFIX = LM;
				LastUpgradeCheck = 0510;
				ORGANIZATIONNAME = developer;
				TargetAttributes = {
					8B568E481951AA2B00D5EC48 = {
						TestTargetID = 8B568E241951AA2B00D5EC48;
					};
				};
			};
			buildConfigurationList = 8B568E201951AA2B00D5EC48 /* Build configuration list for PBXProject "LocationManager" */;
			compatibilityVersion = "Xcode 3.2";
			developmentRegion = English;
			hasScannedForEncodings = 0;
			knownRegions = (
				en,
				Base,
			);
			mainGroup = 8B568E1C1951AA2B00D5EC48;
			productRefGroup = 8B568E261951AA2B00D5EC48 /* Products */;
			projectDirPath = "";
			projectRoot = "";
			targets = (
				8B568E241951AA2B00D5EC48 /* LocationManager */,
				8B568E481951AA2B00D5EC48 /* LocationManagerTests */,
			);
		};
/* End PBXProject section */

/* Begin PBXResourcesBuildPhase section */
		8B568E231951AA2B00D5EC48 /* Resources */ = {
			isa = PBXResourcesBuildPhase;
			buildActionMask = 2147483647;
			files = (
				8B568E3F1951AA2B00D5EC48 /* Main_iPad.storyboard in Resources */,
				8B568E441951AA2B00D5EC48 /* Images.xcassets in Resources */,
				8B568E3C1951AA2B00D5EC48 /* Main_iPhone.storyboard in Resources */,
				8B568E331951AA2B00D5EC48 /* InfoPlist.strings in Resources */,
				8BA78424195C14DF00C805D6 /* GoogleMaps.bundle in Resources */,
			);
			runOnlyForDeploymentPostprocessing = 0;
		};
		8B568E471951AA2B00D5EC48 /* Resources */ = {
			isa = PBXResourcesBuildPhase;
			buildActionMask = 2147483647;
			files = (
				8B568E551951AA2B00D5EC48 /* InfoPlist.strings in Resources */,
			);
			runOnlyForDeploymentPostprocessing = 0;
		};
/* End PBXResourcesBuildPhase section */

/* Begin PBXSourcesBuildPhase section */
		8B568E211951AA2B00D5EC48 /* Sources */ = {
			isa = PBXSourcesBuildPhase;
			buildActionMask = 2147483647;
			files = (
				8B9D5468199B7FC400851D63 /* Session.m in Sources */,
				8BD8A9DF195B04DC00A87EB6 /* LMSportTracker.m in Sources */,
				8B568E351951AA2B00D5EC48 /* main.m in Sources */,
				8B568E391951AA2B00D5EC48 /* LMAppDelegate.m in Sources */,
				8BA6B397197407E5000A8133 /* Model.xcdatamodeld in Sources */,
				8B568E421951AA2B00D5EC48 /* LMViewController.m in Sources */,
				8BA7843D195C19C500C805D6 /* LMMapViewController.m in Sources */,
				8BA6B39D19740C94000A8133 /* LogPoint.m in Sources */,
			);
			runOnlyForDeploymentPostprocessing = 0;
		};
		8B568E451951AA2B00D5EC48 /* Sources */ = {
			isa = PBXSourcesBuildPhase;
			buildActionMask = 2147483647;
			files = (
				8B568E571951AA2B00D5EC48 /* LocationManagerTests.m in Sources */,
			);
			runOnlyForDeploymentPostprocessing = 0;
		};
/* End PBXSourcesBuildPhase section */

/* Begin PBXTargetDependency section */
		8B568E4F1951AA2B00D5EC48 /* PBXTargetDependency */ = {
			isa = PBXTargetDependency;
			target = 8B568E241951AA2B00D5EC48 /* LocationManager */;
			targetProxy = 8B568E4E1951AA2B00D5EC48 /* PBXContainerItemProxy */;
		};
/* End PBXTargetDependency section */

/* Begin PBXVariantGroup section */
		8B568E311951AA2B00D5EC48 /* InfoPlist.strings */ = {
			isa = PBXVariantGroup;
			children = (
				8B568E321951AA2B00D5EC48 /* en */,
			);
			name = InfoPlist.strings;
			sourceTree = "<group>";
		};
		8B568E3A1951AA2B00D5EC48 /* Main_iPhone.storyboard */ = {
			isa = PBXVariantGroup;
			children = (
				8B568E3B1951AA2B00D5EC48 /* Base */,
			);
			name = Main_iPhone.storyboard;
			sourceTree = "<group>";
		};
		8B568E3D1951AA2B00D5EC48 /* Main_iPad.storyboard */ = {
			isa = PBXVariantGroup;
			children = (
				8B568E3E1951AA2B00D5EC48 /* Base */,
			);
			name = Main_iPad.storyboard;
			sourceTree = "<group>";
		};
		8B568E531951AA2B00D5EC48 /* InfoPlist.strings */ = {
			isa = PBXVariantGroup;
			children = (
				8B568E541951AA2B00D5EC48 /* en */,
			);
			name = InfoPlist.strings;
			sourceTree = "<group>";
		};
/* End PBXVariantGroup section */

/* Begin XCBuildConfiguration section */
		8B568E581951AA2B00D5EC48 /* Debug */ = {
			isa = XCBuildConfiguration;
			buildSettings = {
				ALWAYS_SEARCH_USER_PATHS = NO;
				CLANG_CXX_LANGUAGE_STANDARD = "gnu++0x";
				CLANG_CXX_LIBRARY = "libc++";
				CLANG_ENABLE_MODULES = YES;
				CLANG_ENABLE_OBJC_ARC = YES;
				CLANG_WARN_BOOL_CONVERSION = YES;
				CLANG_WARN_CONSTANT_CONVERSION = YES;
				CLANG_WARN_DIRECT_OBJC_ISA_USAGE = YES_ERROR;
				CLANG_WARN_EMPTY_BODY = YES;
				CLANG_WARN_ENUM_CONVERSION = YES;
				CLANG_WARN_INT_CONVERSION = YES;
				CLANG_WARN_OBJC_ROOT_CLASS = YES_ERROR;
				CLANG_WARN__DUPLICATE_METHOD_MATCH = YES;
				"CODE_SIGN_IDENTITY[sdk=iphoneos*]" = "iPhone Developer";
				COPY_PHASE_STRIP = NO;
				GCC_C_LANGUAGE_STANDARD = gnu99;
				GCC_DYNAMIC_NO_PIC = NO;
				GCC_OPTIMIZATION_LEVEL = 0;
				GCC_PREPROCESSOR_DEFINITIONS = (
					"DEBUG=1",
					"$(inherited)",
				);
				GCC_SYMBOLS_PRIVATE_EXTERN = NO;
				GCC_WARN_64_TO_32_BIT_CONVERSION = YES;
				GCC_WARN_ABOUT_RETURN_TYPE = YES_ERROR;
				GCC_WARN_UNDECLARED_SELECTOR = YES;
				GCC_WARN_UNINITIALIZED_AUTOS = YES_AGGRESSIVE;
				GCC_WARN_UNUSED_FUNCTION = YES;
				GCC_WARN_UNUSED_VARIABLE = YES;
				IPHONEOS_DEPLOYMENT_TARGET = 7.1;
				ONLY_ACTIVE_ARCH = YES;
				OTHER_LDFLAGS = "-ObjC";
				SDKROOT = iphoneos;
				TARGETED_DEVICE_FAMILY = "1,2";
			};
			name = Debug;
		};
		8B568E591951AA2B00D5EC48 /* Release */ = {
			isa = XCBuildConfiguration;
			buildSettings = {
				ALWAYS_SEARCH_USER_PATHS = NO;
				CLANG_CXX_LANGUAGE_STANDARD = "gnu++0x";
				CLANG_CXX_LIBRARY = "libc++";
				CLANG_ENABLE_MODULES = YES;
				CLANG_ENABLE_OBJC_ARC = YES;
				CLANG_WARN_BOOL_CONVERSION = YES;
				CLANG_WARN_CONSTANT_CONVERSION = YES;
				CLANG_WARN_DIRECT_OBJC_ISA_USAGE = YES_ERROR;
				CLANG_WARN_EMPTY_BODY = YES;
				CLANG_WARN_ENUM_CONVERSION = YES;
				CLANG_WARN_INT_CONVERSION = YES;
				CLANG_WARN_OBJC_ROOT_CLASS = YES_ERROR;
				CLANG_WARN__DUPLICATE_METHOD_MATCH = YES;
				"CODE_SIGN_IDENTITY[sdk=iphoneos*]" = "iPhone Developer";
				COPY_PHASE_STRIP = YES;
				ENABLE_NS_ASSERTIONS = NO;
				GCC_C_LANGUAGE_STANDARD = gnu99;
				GCC_WARN_64_TO_32_BIT_CONVERSION = YES;
				GCC_WARN_ABOUT_RETURN_TYPE = YES_ERROR;
				GCC_WARN_UNDECLARED_SELECTOR = YES;
				GCC_WARN_UNINITIALIZED_AUTOS = YES_AGGRESSIVE;
				GCC_WARN_UNUSED_FUNCTION = YES;
				GCC_WARN_UNUSED_VARIABLE = YES;
				IPHONEOS_DEPLOYMENT_TARGET = 7.1;
				OTHER_LDFLAGS = "-ObjC";
				SDKROOT = iphoneos;
				TARGETED_DEVICE_FAMILY = "1,2";
				VALIDATE_PRODUCT = YES;
			};
			name = Release;
		};
		8B568E5B1951AA2B00D5EC48 /* Debug */ = {
			isa = XCBuildConfiguration;
			buildSettings = {
				ASSETCATALOG_COMPILER_APPICON_NAME = AppIcon;
				ASSETCATALOG_COMPILER_LAUNCHIMAGE_NAME = LaunchImage;
				CODE_SIGN_IDENTITY = "iPhone Developer";
				FRAMEWORK_SEARCH_PATHS = (
					"$(inherited)",
					"$(PROJECT_DIR)/Frameworks",
				);
				GCC_PRECOMPILE_PREFIX_HEADER = YES;
				GCC_PREFIX_HEADER = "LocationManager/LocationManager-Prefix.pch";
				INFOPLIST_FILE = "LocationManager/LocationManager-Info.plist";
				IPHONEOS_DEPLOYMENT_TARGET = 7.1;
				PRODUCT_NAME = "$(TARGET_NAME)";
				PROVISIONING_PROFILE = "5A71950E-983E-4C55-99EF-1A7EA04D371B";
				SDKROOT = iphoneos7.1;
				TARGETED_DEVICE_FAMILY = "1,2";
				WRAPPER_EXTENSION = app;
			};
			name = Debug;
		};
		8B568E5C1951AA2B00D5EC48 /* Release */ = {
			isa = XCBuildConfiguration;
			buildSettings = {
				ASSETCATALOG_COMPILER_APPICON_NAME = AppIcon;
				ASSETCATALOG_COMPILER_LAUNCHIMAGE_NAME = LaunchImage;
				CODE_SIGN_IDENTITY = "iPhone Developer";
				FRAMEWORK_SEARCH_PATHS = (
					"$(inherited)",
					"$(PROJECT_DIR)/Frameworks",
				);
				GCC_PRECOMPILE_PREFIX_HEADER = YES;
				GCC_PREFIX_HEADER = "LocationManager/LocationManager-Prefix.pch";
				INFOPLIST_FILE = "LocationManager/LocationManager-Info.plist";
				IPHONEOS_DEPLOYMENT_TARGET = 7.1;
				PRODUCT_NAME = "$(TARGET_NAME)";
				PROVISIONING_PROFILE = "5A71950E-983E-4C55-99EF-1A7EA04D371B";
				SDKROOT = iphoneos7.1;
				TARGETED_DEVICE_FAMILY = "1,2";
				WRAPPER_EXTENSION = app;
			};
			name = Release;
		};
		8B568E5E1951AA2B00D5EC48 /* Debug */ = {
			isa = XCBuildConfiguration;
			buildSettings = {
				BUNDLE_LOADER = "$(BUILT_PRODUCTS_DIR)/LocationManager.app/LocationManager";
				FRAMEWORK_SEARCH_PATHS = (
					"$(SDKROOT)/Developer/Library/Frameworks",
					"$(inherited)",
					"$(DEVELOPER_FRAMEWORKS_DIR)",
				);
				GCC_PRECOMPILE_PREFIX_HEADER = YES;
				GCC_PREFIX_HEADER = "LocationManager/LocationManager-Prefix.pch";
				GCC_PREPROCESSOR_DEFINITIONS = (
					"DEBUG=1",
					"$(inherited)",
				);
				INFOPLIST_FILE = "LocationManagerTests/LocationManagerTests-Info.plist";
				PRODUCT_NAME = "$(TARGET_NAME)";
				TEST_HOST = "$(BUNDLE_LOADER)";
				WRAPPER_EXTENSION = xctest;
			};
			name = Debug;
		};
		8B568E5F1951AA2B00D5EC48 /* Release */ = {
			isa = XCBuildConfiguration;
			buildSettings = {
				BUNDLE_LOADER = "$(BUILT_PRODUCTS_DIR)/LocationManager.app/LocationManager";
				FRAMEWORK_SEARCH_PATHS = (
					"$(SDKROOT)/Developer/Library/Frameworks",
					"$(inherited)",
					"$(DEVELOPER_FRAMEWORKS_DIR)",
				);
				GCC_PRECOMPILE_PREFIX_HEADER = YES;
				GCC_PREFIX_HEADER = "LocationManager/LocationManager-Prefix.pch";
				INFOPLIST_FILE = "LocationManagerTests/LocationManagerTests-Info.plist";
				PRODUCT_NAME = "$(TARGET_NAME)";
				TEST_HOST = "$(BUNDLE_LOADER)";
				WRAPPER_EXTENSION = xctest;
			};
			name = Release;
		};
/* End XCBuildConfiguration section */

/* Begin XCConfigurationList section */
		8B568E201951AA2B00D5EC48 /* Build configuration list for PBXProject "LocationManager" */ = {
			isa = XCConfigurationList;
			buildConfigurations = (
				8B568E581951AA2B00D5EC48 /* Debug */,
				8B568E591951AA2B00D5EC48 /* Release */,
			);
			defaultConfigurationIsVisible = 0;
			defaultConfigurationName = Release;
		};
		8B568E5A1951AA2B00D5EC48 /* Build configuration list for PBXNativeTarget "LocationManager" */ = {
			isa = XCConfigurationList;
			buildConfigurations = (
				8B568E5B1951AA2B00D5EC48 /* Debug */,
				8B568E5C1951AA2B00D5EC48 /* Release */,
			);
			defaultConfigurationIsVisible = 0;
			defaultConfigurationName = Release;
		};
		8B568E5D1951AA2B00D5EC48 /* Build configuration list for PBXNativeTarget "LocationManagerTests" */ = {
			isa = XCConfigurationList;
			buildConfigurations = (
				8B568E5E1951AA2B00D5EC48 /* Debug */,
				8B568E5F1951AA2B00D5EC48 /* Release */,
			);
			defaultConfigurationIsVisible = 0;
			defaultConfigurationName = Release;
		};
/* End XCConfigurationList section */

/* Begin XCVersionGroup section */
		8BA6B395197407E5000A8133 /* Model.xcdatamodeld */ = {
			isa = XCVersionGroup;
			children = (
				8BA6B396197407E5000A8133 /* Model.xcdatamodel */,
			);
			currentVersion = 8BA6B396197407E5000A8133 /* Model.xcdatamodel */;
			path = Model.xcdatamodeld;
			sourceTree = "<group>";
			versionGroupType = wrapper.xcdatamodel;
		};
/* End XCVersionGroup section */
	};
	rootObject = 8B568E1D1951AA2B00D5EC48 /* Project object */;
}
